// !$*UTF8*$!
{
	archiveVersion = 1;
	classes = {
	};
	objectVersion = 45;
	objects = {

/* Begin PBXBuildFile section */
		1D3623260D0F684500981E51 /* iPadFrameworkAppDelegate.m in Sources */ = {isa = PBXBuildFile; fileRef = 1D3623250D0F684500981E51 /* iPadFrameworkAppDelegate.m */; };
		1D60589B0D05DD56006BFB54 /* main.m in Sources */ = {isa = PBXBuildFile; fileRef = 29B97316FDCFA39411CA2CEA /* main.m */; };
		1D60589F0D05DD5A006BFB54 /* Foundation.framework in Frameworks */ = {isa = PBXBuildFile; fileRef = 1D30AB110D05D00D00671497 /* Foundation.framework */; };
		1DF5F4E00D08C38300B7A737 /* UIKit.framework in Frameworks */ = {isa = PBXBuildFile; fileRef = 1DF5F4DF0D08C38300B7A737 /* UIKit.framework */; };
		28193055112F811F00ECF9B4 /* iPadFramework.xcdatamodeld in Sources */ = {isa = PBXBuildFile; fileRef = 28193054112F811F00ECF9B4 /* iPadFramework.xcdatamodeld */; };
		288765A50DF7441C002DB57D /* CoreGraphics.framework in Frameworks */ = {isa = PBXBuildFile; fileRef = 288765A40DF7441C002DB57D /* CoreGraphics.framework */; };
		28AD733F0D9D9553002E5188 /* MainWindow.xib in Resources */ = {isa = PBXBuildFile; fileRef = 28AD733E0D9D9553002E5188 /* MainWindow.xib */; };
		28D801B40F44B63D00FB423F /* CoreData.framework in Frameworks */ = {isa = PBXBuildFile; fileRef = 28D801B30F44B63D00FB423F /* CoreData.framework */; };
		39A6A880137EB6D30059E7FF /* BaseModule.m in Sources */ = {isa = PBXBuildFile; fileRef = 39A6A867137EB6D30059E7FF /* BaseModule.m */; };
		39A6A881137EB6D30059E7FF /* BindableObject.m in Sources */ = {isa = PBXBuildFile; fileRef = 39A6A869137EB6D30059E7FF /* BindableObject.m */; };
		39A6A882137EB6D30059E7FF /* Callback.m in Sources */ = {isa = PBXBuildFile; fileRef = 39A6A86B137EB6D30059E7FF /* Callback.m */; };
		39A6A883137EB6D30059E7FF /* Constants.m in Sources */ = {isa = PBXBuildFile; fileRef = 39A6A86D137EB6D30059E7FF /* Constants.m */; };
		39A6A884137EB6D30059E7FF /* Context.m in Sources */ = {isa = PBXBuildFile; fileRef = 39A6A86F137EB6D30059E7FF /* Context.m */; };
		39A6A885137EB6D30059E7FF /* iTableViewController.m in Sources */ = {isa = PBXBuildFile; fileRef = 39A6A871137EB6D30059E7FF /* iTableViewController.m */; };
		39A6A886137EB6D30059E7FF /* NSSelector.m in Sources */ = {isa = PBXBuildFile; fileRef = 39A6A873137EB6D30059E7FF /* NSSelector.m */; };
		39A6A887137EB6D30059E7FF /* NSStack.m in Sources */ = {isa = PBXBuildFile; fileRef = 39A6A875137EB6D30059E7FF /* NSStack.m */; };
		39A6A888137EB6D30059E7FF /* NullObject.m in Sources */ = {isa = PBXBuildFile; fileRef = 39A6A877137EB6D30059E7FF /* NullObject.m */; };
		39A6A889137EB6D30059E7FF /* Scope.m in Sources */ = {isa = PBXBuildFile; fileRef = 39A6A879137EB6D30059E7FF /* Scope.m */; };
		39A6A88A137EB6D30059E7FF /* StylingManager.m in Sources */ = {isa = PBXBuildFile; fileRef = 39A6A87B137EB6D30059E7FF /* StylingManager.m */; };
		39A6A88B137EB6D30059E7FF /* UIStyle.m in Sources */ = {isa = PBXBuildFile; fileRef = 39A6A87D137EB6D30059E7FF /* UIStyle.m */; };
		39A6A88C137EB6D30059E7FF /* Utilities.m in Sources */ = {isa = PBXBuildFile; fileRef = 39A6A87F137EB6D30059E7FF /* Utilities.m */; };
		39A6A891137EB6EC0059E7FF /* ipadui.m in Sources */ = {isa = PBXBuildFile; fileRef = 39A6A88E137EB6EC0059E7FF /* ipadui.m */; };
		39A6A892137EB6EC0059E7FF /* root.m in Sources */ = {isa = PBXBuildFile; fileRef = 39A6A890137EB6EC0059E7FF /* root.m */; };
		39A6A8C3137EB6FE0059E7FF /* MyClass.m in Sources */ = {isa = PBXBuildFile; fileRef = 39A6A895137EB6FE0059E7FF /* MyClass.m */; };
		39A6A8C4137EB6FE0059E7FF /* SampleTabController.m in Sources */ = {isa = PBXBuildFile; fileRef = 39A6A897137EB6FE0059E7FF /* SampleTabController.m */; };
		39A6A8C5137EB6FE0059E7FF /* SampleTable.m in Sources */ = {isa = PBXBuildFile; fileRef = 39A6A899137EB6FE0059E7FF /* SampleTable.m */; };
		39A6A8C6137EB6FE0059E7FF /* SampleUI.m in Sources */ = {isa = PBXBuildFile; fileRef = 39A6A89B137EB6FE0059E7FF /* SampleUI.m */; };
		39A6A8C7137EB6FE0059E7FF /* SampleUI.xib in Resources */ = {isa = PBXBuildFile; fileRef = 39A6A89C137EB6FE0059E7FF /* SampleUI.xib */; };
		39A6A8C8137EB6FE0059E7FF /* iBaseControl.m in Sources */ = {isa = PBXBuildFile; fileRef = 39A6A89F137EB6FE0059E7FF /* iBaseControl.m */; };
		39A6A8C9137EB6FE0059E7FF /* iButton.m in Sources */ = {isa = PBXBuildFile; fileRef = 39A6A8A1137EB6FE0059E7FF /* iButton.m */; };
		39A6A8CA137EB6FE0059E7FF /* iCustomControl.m in Sources */ = {isa = PBXBuildFile; fileRef = 39A6A8A3137EB6FE0059E7FF /* iCustomControl.m */; };
		39A6A8CB137EB6FE0059E7FF /* iEmptyWidget.m in Sources */ = {isa = PBXBuildFile; fileRef = 39A6A8A5137EB6FE0059E7FF /* iEmptyWidget.m */; };
		39A6A8CC137EB6FE0059E7FF /* iHeader.m in Sources */ = {isa = PBXBuildFile; fileRef = 39A6A8A7137EB6FE0059E7FF /* iHeader.m */; };
		39A6A8CD137EB6FE0059E7FF /* iItem.m in Sources */ = {isa = PBXBuildFile; fileRef = 39A6A8A9137EB6FE0059E7FF /* iItem.m */; };
		39A6A8CE137EB6FE0059E7FF /* iLabel.m in Sources */ = {isa = PBXBuildFile; fileRef = 39A6A8AB137EB6FE0059E7FF /* iLabel.m */; };
		39A6A8CF137EB6FE0059E7FF /* iLeftButton.m in Sources */ = {isa = PBXBuildFile; fileRef = 39A6A8AD137EB6FE0059E7FF /* iLeftButton.m */; };
		39A6A8D0137EB6FE0059E7FF /* iNavigationButton.m in Sources */ = {isa = PBXBuildFile; fileRef = 39A6A8AF137EB6FE0059E7FF /* iNavigationButton.m */; };
		39A6A8D1137EB6FE0059E7FF /* iNumField.m in Sources */ = {isa = PBXBuildFile; fileRef = 39A6A8B1137EB6FE0059E7FF /* iNumField.m */; };
		39A6A8D2137EB6FE0059E7FF /* iRightButton.m in Sources */ = {isa = PBXBuildFile; fileRef = 39A6A8B3137EB6FE0059E7FF /* iRightButton.m */; };
		39A6A8D3137EB6FE0059E7FF /* iSection.m in Sources */ = {isa = PBXBuildFile; fileRef = 39A6A8B5137EB6FE0059E7FF /* iSection.m */; };
		39A6A8D4137EB6FE0059E7FF /* iSwitch.m in Sources */ = {isa = PBXBuildFile; fileRef = 39A6A8B7137EB6FE0059E7FF /* iSwitch.m */; };
		39A6A8D5137EB6FE0059E7FF /* iTable.m in Sources */ = {isa = PBXBuildFile; fileRef = 39A6A8B9137EB6FE0059E7FF /* iTable.m */; };
		39A6A8D6137EB6FE0059E7FF /* iTabSet.m in Sources */ = {isa = PBXBuildFile; fileRef = 39A6A8BB137EB6FE0059E7FF /* iTabSet.m */; };
		39A6A8D7137EB6FE0059E7FF /* iTextBox.m in Sources */ = {isa = PBXBuildFile; fileRef = 39A6A8BD137EB6FE0059E7FF /* iTextBox.m */; };
		39A6A8D8137EB6FE0059E7FF /* iTextField.m in Sources */ = {isa = PBXBuildFile; fileRef = 39A6A8BF137EB6FE0059E7FF /* iTextField.m */; };
		39A6A8D9137EB6FE0059E7FF /* iView.m in Sources */ = {isa = PBXBuildFile; fileRef = 39A6A8C1137EB6FE0059E7FF /* iView.m */; };
/* End PBXBuildFile section */

/* Begin PBXFileReference section */
		1D30AB110D05D00D00671497 /* Foundation.framework */ = {isa = PBXFileReference; lastKnownFileType = wrapper.framework; name = Foundation.framework; path = System/Library/Frameworks/Foundation.framework; sourceTree = SDKROOT; };
		1D3623240D0F684500981E51 /* iPadFrameworkAppDelegate.h */ = {isa = PBXFileReference; fileEncoding = 4; lastKnownFileType = sourcecode.c.h; path = iPadFrameworkAppDelegate.h; sourceTree = "<group>"; };
		1D3623250D0F684500981E51 /* iPadFrameworkAppDelegate.m */ = {isa = PBXFileReference; fileEncoding = 4; lastKnownFileType = sourcecode.c.objc; path = iPadFrameworkAppDelegate.m; sourceTree = "<group>"; };
		1D6058910D05DD3D006BFB54 /* iPadFramework.app */ = {isa = PBXFileReference; explicitFileType = wrapper.application; includeInIndex = 0; path = iPadFramework.app; sourceTree = BUILT_PRODUCTS_DIR; };
		1DF5F4DF0D08C38300B7A737 /* UIKit.framework */ = {isa = PBXFileReference; lastKnownFileType = wrapper.framework; name = UIKit.framework; path = System/Library/Frameworks/UIKit.framework; sourceTree = SDKROOT; };
		288765A40DF7441C002DB57D /* CoreGraphics.framework */ = {isa = PBXFileReference; lastKnownFileType = wrapper.framework; name = CoreGraphics.framework; path = System/Library/Frameworks/CoreGraphics.framework; sourceTree = SDKROOT; };
		28AD733E0D9D9553002E5188 /* MainWindow.xib */ = {isa = PBXFileReference; lastKnownFileType = file.xib; path = MainWindow.xib; sourceTree = "<group>"; };
		28C3AD890F43EF2300507BA6 /* iPadFramework.xcdatamodel */ = {isa = PBXFileReference; fileEncoding = 4; lastKnownFileType = wrapper.xcdatamodel; path = iPadFramework.xcdatamodel; sourceTree = "<group>"; };
		28D801B30F44B63D00FB423F /* CoreData.framework */ = {isa = PBXFileReference; lastKnownFileType = wrapper.framework; name = CoreData.framework; path = System/Library/Frameworks/CoreData.framework; sourceTree = SDKROOT; };
		29B97316FDCFA39411CA2CEA /* main.m */ = {isa = PBXFileReference; fileEncoding = 4; lastKnownFileType = sourcecode.c.objc; path = main.m; sourceTree = "<group>"; };
		32CA4F630368D1EE00C91783 /* iPadFramework_Prefix.pch */ = {isa = PBXFileReference; fileEncoding = 4; lastKnownFileType = sourcecode.c.h; path = iPadFramework_Prefix.pch; sourceTree = "<group>"; };
		39A6A866137EB6D30059E7FF /* BaseModule.h */ = {isa = PBXFileReference; fileEncoding = 4; lastKnownFileType = sourcecode.c.h; path = BaseModule.h; sourceTree = "<group>"; };
		39A6A867137EB6D30059E7FF /* BaseModule.m */ = {isa = PBXFileReference; fileEncoding = 4; lastKnownFileType = sourcecode.c.objc; path = BaseModule.m; sourceTree = "<group>"; };
		39A6A868137EB6D30059E7FF /* BindableObject.h */ = {isa = PBXFileReference; fileEncoding = 4; lastKnownFileType = sourcecode.c.h; path = BindableObject.h; sourceTree = "<group>"; };
		39A6A869137EB6D30059E7FF /* BindableObject.m */ = {isa = PBXFileReference; fileEncoding = 4; lastKnownFileType = sourcecode.c.objc; path = BindableObject.m; sourceTree = "<group>"; };
		39A6A86A137EB6D30059E7FF /* Callback.h */ = {isa = PBXFileReference; fileEncoding = 4; lastKnownFileType = sourcecode.c.h; path = Callback.h; sourceTree = "<group>"; };
		39A6A86B137EB6D30059E7FF /* Callback.m */ = {isa = PBXFileReference; fileEncoding = 4; lastKnownFileType = sourcecode.c.objc; path = Callback.m; sourceTree = "<group>"; };
		39A6A86C137EB6D30059E7FF /* Constants.h */ = {isa = PBXFileReference; fileEncoding = 4; lastKnownFileType = sourcecode.c.h; path = Constants.h; sourceTree = "<group>"; };
		39A6A86D137EB6D30059E7FF /* Constants.m */ = {isa = PBXFileReference; fileEncoding = 4; lastKnownFileType = sourcecode.c.objc; path = Constants.m; sourceTree = "<group>"; };
		39A6A86E137EB6D30059E7FF /* Context.h */ = {isa = PBXFileReference; fileEncoding = 4; lastKnownFileType = sourcecode.c.h; path = Context.h; sourceTree = "<group>"; };
		39A6A86F137EB6D30059E7FF /* Context.m */ = {isa = PBXFileReference; fileEncoding = 4; lastKnownFileType = sourcecode.c.objc; path = Context.m; sourceTree = "<group>"; };
		39A6A870137EB6D30059E7FF /* iTableViewController.h */ = {isa = PBXFileReference; fileEncoding = 4; lastKnownFileType = sourcecode.c.h; path = iTableViewController.h; sourceTree = "<group>"; };
		39A6A871137EB6D30059E7FF /* iTableViewController.m */ = {isa = PBXFileReference; fileEncoding = 4; lastKnownFileType = sourcecode.c.objc; path = iTableViewController.m; sourceTree = "<group>"; };
		39A6A872137EB6D30059E7FF /* NSSelector.h */ = {isa = PBXFileReference; fileEncoding = 4; lastKnownFileType = sourcecode.c.h; path = NSSelector.h; sourceTree = "<group>"; };
		39A6A873137EB6D30059E7FF /* NSSelector.m */ = {isa = PBXFileReference; fileEncoding = 4; lastKnownFileType = sourcecode.c.objc; path = NSSelector.m; sourceTree = "<group>"; };
		39A6A874137EB6D30059E7FF /* NSStack.h */ = {isa = PBXFileReference; fileEncoding = 4; lastKnownFileType = sourcecode.c.h; path = NSStack.h; sourceTree = "<group>"; };
		39A6A875137EB6D30059E7FF /* NSStack.m */ = {isa = PBXFileReference; fileEncoding = 4; lastKnownFileType = sourcecode.c.objc; path = NSStack.m; sourceTree = "<group>"; };
		39A6A876137EB6D30059E7FF /* NullObject.h */ = {isa = PBXFileReference; fileEncoding = 4; lastKnownFileType = sourcecode.c.h; path = NullObject.h; sourceTree = "<group>"; };
		39A6A877137EB6D30059E7FF /* NullObject.m */ = {isa = PBXFileReference; fileEncoding = 4; lastKnownFileType = sourcecode.c.objc; path = NullObject.m; sourceTree = "<group>"; };
		39A6A878137EB6D30059E7FF /* Scope.h */ = {isa = PBXFileReference; fileEncoding = 4; lastKnownFileType = sourcecode.c.h; path = Scope.h; sourceTree = "<group>"; };
		39A6A879137EB6D30059E7FF /* Scope.m */ = {isa = PBXFileReference; fileEncoding = 4; lastKnownFileType = sourcecode.c.objc; path = Scope.m; sourceTree = "<group>"; };
		39A6A87A137EB6D30059E7FF /* StylingManager.h */ = {isa = PBXFileReference; fileEncoding = 4; lastKnownFileType = sourcecode.c.h; path = StylingManager.h; sourceTree = "<group>"; };
		39A6A87B137EB6D30059E7FF /* StylingManager.m */ = {isa = PBXFileReference; fileEncoding = 4; lastKnownFileType = sourcecode.c.objc; path = StylingManager.m; sourceTree = "<group>"; };
		39A6A87C137EB6D30059E7FF /* UIStyle.h */ = {isa = PBXFileReference; fileEncoding = 4; lastKnownFileType = sourcecode.c.h; path = UIStyle.h; sourceTree = "<group>"; };
		39A6A87D137EB6D30059E7FF /* UIStyle.m */ = {isa = PBXFileReference; fileEncoding = 4; lastKnownFileType = sourcecode.c.objc; path = UIStyle.m; sourceTree = "<group>"; };
		39A6A87E137EB6D30059E7FF /* Utilities.h */ = {isa = PBXFileReference; fileEncoding = 4; lastKnownFileType = sourcecode.c.h; path = Utilities.h; sourceTree = "<group>"; };
		39A6A87F137EB6D30059E7FF /* Utilities.m */ = {isa = PBXFileReference; fileEncoding = 4; lastKnownFileType = sourcecode.c.objc; path = Utilities.m; sourceTree = "<group>"; };
		39A6A88E137EB6EC0059E7FF /* ipadui.m */ = {isa = PBXFileReference; fileEncoding = 4; lastKnownFileType = sourcecode.c.objc; path = ipadui.m; sourceTree = "<group>"; };
		39A6A88F137EB6EC0059E7FF /* root.h */ = {isa = PBXFileReference; fileEncoding = 4; lastKnownFileType = sourcecode.c.h; path = root.h; sourceTree = "<group>"; };
		39A6A890137EB6EC0059E7FF /* root.m */ = {isa = PBXFileReference; fileEncoding = 4; lastKnownFileType = sourcecode.c.objc; path = root.m; sourceTree = "<group>"; };
		39A6A894137EB6FE0059E7FF /* MyClass.h */ = {isa = PBXFileReference; fileEncoding = 4; lastKnownFileType = sourcecode.c.h; path = MyClass.h; sourceTree = "<group>"; };
		39A6A895137EB6FE0059E7FF /* MyClass.m */ = {isa = PBXFileReference; fileEncoding = 4; lastKnownFileType = sourcecode.c.objc; path = MyClass.m; sourceTree = "<group>"; };
		39A6A896137EB6FE0059E7FF /* SampleTabController.h */ = {isa = PBXFileReference; fileEncoding = 4; lastKnownFileType = sourcecode.c.h; path = SampleTabController.h; sourceTree = "<group>"; };
		39A6A897137EB6FE0059E7FF /* SampleTabController.m */ = {isa = PBXFileReference; fileEncoding = 4; lastKnownFileType = sourcecode.c.objc; path = SampleTabController.m; sourceTree = "<group>"; };
		39A6A898137EB6FE0059E7FF /* SampleTable.h */ = {isa = PBXFileReference; fileEncoding = 4; lastKnownFileType = sourcecode.c.h; path = SampleTable.h; sourceTree = "<group>"; };
		39A6A899137EB6FE0059E7FF /* SampleTable.m */ = {isa = PBXFileReference; fileEncoding = 4; lastKnownFileType = sourcecode.c.objc; path = SampleTable.m; sourceTree = "<group>"; };
		39A6A89A137EB6FE0059E7FF /* SampleUI.h */ = {isa = PBXFileReference; fileEncoding = 4; lastKnownFileType = sourcecode.c.h; path = SampleUI.h; sourceTree = "<group>"; };
		39A6A89B137EB6FE0059E7FF /* SampleUI.m */ = {isa = PBXFileReference; fileEncoding = 4; lastKnownFileType = sourcecode.c.objc; path = SampleUI.m; sourceTree = "<group>"; };
		39A6A89C137EB6FE0059E7FF /* SampleUI.xib */ = {isa = PBXFileReference; lastKnownFileType = file.xib; path = SampleUI.xib; sourceTree = "<group>"; };
		39A6A89E137EB6FE0059E7FF /* iBaseControl.h */ = {isa = PBXFileReference; fileEncoding = 4; lastKnownFileType = sourcecode.c.h; path = iBaseControl.h; sourceTree = "<group>"; };
		39A6A89F137EB6FE0059E7FF /* iBaseControl.m */ = {isa = PBXFileReference; fileEncoding = 4; lastKnownFileType = sourcecode.c.objc; path = iBaseControl.m; sourceTree = "<group>"; };
		39A6A8A0137EB6FE0059E7FF /* iButton.h */ = {isa = PBXFileReference; fileEncoding = 4; lastKnownFileType = sourcecode.c.h; path = iButton.h; sourceTree = "<group>"; };
		39A6A8A1137EB6FE0059E7FF /* iButton.m */ = {isa = PBXFileReference; fileEncoding = 4; lastKnownFileType = sourcecode.c.objc; path = iButton.m; sourceTree = "<group>"; };
		39A6A8A2137EB6FE0059E7FF /* iCustomControl.h */ = {isa = PBXFileReference; fileEncoding = 4; lastKnownFileType = sourcecode.c.h; path = iCustomControl.h; sourceTree = "<group>"; };
		39A6A8A3137EB6FE0059E7FF /* iCustomControl.m */ = {isa = PBXFileReference; fileEncoding = 4; lastKnownFileType = sourcecode.c.objc; path = iCustomControl.m; sourceTree = "<group>"; };
		39A6A8A4137EB6FE0059E7FF /* iEmptyWidget.h */ = {isa = PBXFileReference; fileEncoding = 4; lastKnownFileType = sourcecode.c.h; path = iEmptyWidget.h; sourceTree = "<group>"; };
		39A6A8A5137EB6FE0059E7FF /* iEmptyWidget.m */ = {isa = PBXFileReference; fileEncoding = 4; lastKnownFileType = sourcecode.c.objc; path = iEmptyWidget.m; sourceTree = "<group>"; };
		39A6A8A6137EB6FE0059E7FF /* iHeader.h */ = {isa = PBXFileReference; fileEncoding = 4; lastKnownFileType = sourcecode.c.h; path = iHeader.h; sourceTree = "<group>"; };
		39A6A8A7137EB6FE0059E7FF /* iHeader.m */ = {isa = PBXFileReference; fileEncoding = 4; lastKnownFileType = sourcecode.c.objc; path = iHeader.m; sourceTree = "<group>"; };
		39A6A8A8137EB6FE0059E7FF /* iItem.h */ = {isa = PBXFileReference; fileEncoding = 4; lastKnownFileType = sourcecode.c.h; path = iItem.h; sourceTree = "<group>"; };
		39A6A8A9137EB6FE0059E7FF /* iItem.m */ = {isa = PBXFileReference; fileEncoding = 4; lastKnownFileType = sourcecode.c.objc; path = iItem.m; sourceTree = "<group>"; };
		39A6A8AA137EB6FE0059E7FF /* iLabel.h */ = {isa = PBXFileReference; fileEncoding = 4; lastKnownFileType = sourcecode.c.h; path = iLabel.h; sourceTree = "<group>"; };
		39A6A8AB137EB6FE0059E7FF /* iLabel.m */ = {isa = PBXFileReference; fileEncoding = 4; lastKnownFileType = sourcecode.c.objc; path = iLabel.m; sourceTree = "<group>"; };
		39A6A8AC137EB6FE0059E7FF /* iLeftButton.h */ = {isa = PBXFileReference; fileEncoding = 4; lastKnownFileType = sourcecode.c.h; path = iLeftButton.h; sourceTree = "<group>"; };
		39A6A8AD137EB6FE0059E7FF /* iLeftButton.m */ = {isa = PBXFileReference; fileEncoding = 4; lastKnownFileType = sourcecode.c.objc; path = iLeftButton.m; sourceTree = "<group>"; };
		39A6A8AE137EB6FE0059E7FF /* iNavigationButton.h */ = {isa = PBXFileReference; fileEncoding = 4; lastKnownFileType = sourcecode.c.h; path = iNavigationButton.h; sourceTree = "<group>"; };
		39A6A8AF137EB6FE0059E7FF /* iNavigationButton.m */ = {isa = PBXFileReference; fileEncoding = 4; lastKnownFileType = sourcecode.c.objc; path = iNavigationButton.m; sourceTree = "<group>"; };
		39A6A8B0137EB6FE0059E7FF /* iNumField.h */ = {isa = PBXFileReference; fileEncoding = 4; lastKnownFileType = sourcecode.c.h; path = iNumField.h; sourceTree = "<group>"; };
		39A6A8B1137EB6FE0059E7FF /* iNumField.m */ = {isa = PBXFileReference; fileEncoding = 4; lastKnownFileType = sourcecode.c.objc; path = iNumField.m; sourceTree = "<group>"; };
		39A6A8B2137EB6FE0059E7FF /* iRightButton.h */ = {isa = PBXFileReference; fileEncoding = 4; lastKnownFileType = sourcecode.c.h; path = iRightButton.h; sourceTree = "<group>"; };
		39A6A8B3137EB6FE0059E7FF /* iRightButton.m */ = {isa = PBXFileReference; fileEncoding = 4; lastKnownFileType = sourcecode.c.objc; path = iRightButton.m; sourceTree = "<group>"; };
		39A6A8B4137EB6FE0059E7FF /* iSection.h */ = {isa = PBXFileReference; fileEncoding = 4; lastKnownFileType = sourcecode.c.h; path = iSection.h; sourceTree = "<group>"; };
		39A6A8B5137EB6FE0059E7FF /* iSection.m */ = {isa = PBXFileReference; fileEncoding = 4; lastKnownFileType = sourcecode.c.objc; path = iSection.m; sourceTree = "<group>"; };
		39A6A8B6137EB6FE0059E7FF /* iSwitch.h */ = {isa = PBXFileReference; fileEncoding = 4; lastKnownFileType = sourcecode.c.h; path = iSwitch.h; sourceTree = "<group>"; };
		39A6A8B7137EB6FE0059E7FF /* iSwitch.m */ = {isa = PBXFileReference; fileEncoding = 4; lastKnownFileType = sourcecode.c.objc; path = iSwitch.m; sourceTree = "<group>"; };
		39A6A8B8137EB6FE0059E7FF /* iTable.h */ = {isa = PBXFileReference; fileEncoding = 4; lastKnownFileType = sourcecode.c.h; path = iTable.h; sourceTree = "<group>"; };
		39A6A8B9137EB6FE0059E7FF /* iTable.m */ = {isa = PBXFileReference; fileEncoding = 4; lastKnownFileType = sourcecode.c.objc; path = iTable.m; sourceTree = "<group>"; };
		39A6A8BA137EB6FE0059E7FF /* iTabSet.h */ = {isa = PBXFileReference; fileEncoding = 4; lastKnownFileType = sourcecode.c.h; path = iTabSet.h; sourceTree = "<group>"; };
		39A6A8BB137EB6FE0059E7FF /* iTabSet.m */ = {isa = PBXFileReference; fileEncoding = 4; lastKnownFileType = sourcecode.c.objc; path = iTabSet.m; sourceTree = "<group>"; };
		39A6A8BC137EB6FE0059E7FF /* iTextBox.h */ = {isa = PBXFileReference; fileEncoding = 4; lastKnownFileType = sourcecode.c.h; path = iTextBox.h; sourceTree = "<group>"; };
		39A6A8BD137EB6FE0059E7FF /* iTextBox.m */ = {isa = PBXFileReference; fileEncoding = 4; lastKnownFileType = sourcecode.c.objc; path = iTextBox.m; sourceTree = "<group>"; };
		39A6A8BE137EB6FE0059E7FF /* iTextField.h */ = {isa = PBXFileReference; fileEncoding = 4; lastKnownFileType = sourcecode.c.h; path = iTextField.h; sourceTree = "<group>"; };
		39A6A8BF137EB6FE0059E7FF /* iTextField.m */ = {isa = PBXFileReference; fileEncoding = 4; lastKnownFileType = sourcecode.c.objc; path = iTextField.m; sourceTree = "<group>"; };
		39A6A8C0137EB6FE0059E7FF /* iView.h */ = {isa = PBXFileReference; fileEncoding = 4; lastKnownFileType = sourcecode.c.h; path = iView.h; sourceTree = "<group>"; };
		39A6A8C1137EB6FE0059E7FF /* iView.m */ = {isa = PBXFileReference; fileEncoding = 4; lastKnownFileType = sourcecode.c.objc; path = iView.m; sourceTree = "<group>"; };
		39A6A8C2137EB6FE0059E7FF /* iWidget.h */ = {isa = PBXFileReference; fileEncoding = 4; lastKnownFileType = sourcecode.c.h; path = iWidget.h; sourceTree = "<group>"; };
		8D1107310486CEB800E47090 /* iPadFramework-Info.plist */ = {isa = PBXFileReference; fileEncoding = 4; lastKnownFileType = text.plist.xml; path = "iPadFramework-Info.plist"; plistStructureDefinitionIdentifier = "com.apple.xcode.plist.structure-definition.iphone.info-plist"; sourceTree = "<group>"; };
/* End PBXFileReference section */

/* Begin PBXFrameworksBuildPhase section */
		1D60588F0D05DD3D006BFB54 /* Frameworks */ = {
			isa = PBXFrameworksBuildPhase;
			buildActionMask = 2147483647;
			files = (
				1D60589F0D05DD5A006BFB54 /* Foundation.framework in Frameworks */,
				1DF5F4E00D08C38300B7A737 /* UIKit.framework in Frameworks */,
				288765A50DF7441C002DB57D /* CoreGraphics.framework in Frameworks */,
				28D801B40F44B63D00FB423F /* CoreData.framework in Frameworks */,
			);
			runOnlyForDeploymentPostprocessing = 0;
		};
/* End PBXFrameworksBuildPhase section */

/* Begin PBXGroup section */
		080E96DDFE201D6D7F000001 /* Classes */ = {
			isa = PBXGroup;
			children = (
				39A6A893137EB6FE0059E7FF /* Temp */,
				39A6A89D137EB6FE0059E7FF /* Widget */,
				39A6A88D137EB6EC0059E7FF /* Generated */,
				39A6A865137EB6D30059E7FF /* Core */,
				1D3623240D0F684500981E51 /* iPadFrameworkAppDelegate.h */,
				1D3623250D0F684500981E51 /* iPadFrameworkAppDelegate.m */,
			);
			path = Classes;
			sourceTree = "<group>";
		};
		19C28FACFE9D520D11CA2CBB /* Products */ = {
			isa = PBXGroup;
			children = (
				1D6058910D05DD3D006BFB54 /* iPadFramework.app */,
			);
			name = Products;
			sourceTree = "<group>";
		};
		29B97314FDCFA39411CA2CEA /* CustomTemplate */ = {
			isa = PBXGroup;
			children = (
				080E96DDFE201D6D7F000001 /* Classes */,
				29B97315FDCFA39411CA2CEA /* Other Sources */,
				29B97317FDCFA39411CA2CEA /* Resources */,
				29B97323FDCFA39411CA2CEA /* Frameworks */,
				19C28FACFE9D520D11CA2CBB /* Products */,
			);
			name = CustomTemplate;
			sourceTree = "<group>";
		};
		29B97315FDCFA39411CA2CEA /* Other Sources */ = {
			isa = PBXGroup;
			children = (
				32CA4F630368D1EE00C91783 /* iPadFramework_Prefix.pch */,
				29B97316FDCFA39411CA2CEA /* main.m */,
			);
			name = "Other Sources";
			sourceTree = "<group>";
		};
		29B97317FDCFA39411CA2CEA /* Resources */ = {
			isa = PBXGroup;
			children = (
				28193054112F811F00ECF9B4 /* iPadFramework.xcdatamodeld */,
				28AD733E0D9D9553002E5188 /* MainWindow.xib */,
				8D1107310486CEB800E47090 /* iPadFramework-Info.plist */,
			);
			name = Resources;
			sourceTree = "<group>";
		};
		29B97323FDCFA39411CA2CEA /* Frameworks */ = {
			isa = PBXGroup;
			children = (
				1DF5F4DF0D08C38300B7A737 /* UIKit.framework */,
				1D30AB110D05D00D00671497 /* Foundation.framework */,
				288765A40DF7441C002DB57D /* CoreGraphics.framework */,
				28D801B30F44B63D00FB423F /* CoreData.framework */,
			);
			name = Frameworks;
			sourceTree = "<group>";
		};
		39A6A865137EB6D30059E7FF /* Core */ = {
			isa = PBXGroup;
			children = (
				39A6A866137EB6D30059E7FF /* BaseModule.h */,
				39A6A867137EB6D30059E7FF /* BaseModule.m */,
				39A6A868137EB6D30059E7FF /* BindableObject.h */,
				39A6A869137EB6D30059E7FF /* BindableObject.m */,
				39A6A86A137EB6D30059E7FF /* Callback.h */,
				39A6A86B137EB6D30059E7FF /* Callback.m */,
				39A6A86C137EB6D30059E7FF /* Constants.h */,
				39A6A86D137EB6D30059E7FF /* Constants.m */,
				39A6A86E137EB6D30059E7FF /* Context.h */,
				39A6A86F137EB6D30059E7FF /* Context.m */,
				39A6A870137EB6D30059E7FF /* iTableViewController.h */,
				39A6A871137EB6D30059E7FF /* iTableViewController.m */,
				39A6A872137EB6D30059E7FF /* NSSelector.h */,
				39A6A873137EB6D30059E7FF /* NSSelector.m */,
				39A6A874137EB6D30059E7FF /* NSStack.h */,
				39A6A875137EB6D30059E7FF /* NSStack.m */,
				39A6A876137EB6D30059E7FF /* NullObject.h */,
				39A6A877137EB6D30059E7FF /* NullObject.m */,
				39A6A878137EB6D30059E7FF /* Scope.h */,
				39A6A879137EB6D30059E7FF /* Scope.m */,
				39A6A87A137EB6D30059E7FF /* StylingManager.h */,
				39A6A87B137EB6D30059E7FF /* StylingManager.m */,
				39A6A87C137EB6D30059E7FF /* UIStyle.h */,
				39A6A87D137EB6D30059E7FF /* UIStyle.m */,
				39A6A87E137EB6D30059E7FF /* Utilities.h */,
				39A6A87F137EB6D30059E7FF /* Utilities.m */,
			);
			path = Core;
			sourceTree = "<group>";
		};
		39A6A88D137EB6EC0059E7FF /* Generated */ = {
			isa = PBXGroup;
			children = (
				39A6A88E137EB6EC0059E7FF /* ipadui.m */,
				39A6A88F137EB6EC0059E7FF /* root.h */,
				39A6A890137EB6EC0059E7FF /* root.m */,
			);
			path = Generated;
			sourceTree = "<group>";
		};
		39A6A893137EB6FE0059E7FF /* Temp */ = {
			isa = PBXGroup;
			children = (
				39A6A894137EB6FE0059E7FF /* MyClass.h */,
				39A6A895137EB6FE0059E7FF /* MyClass.m */,
				39A6A896137EB6FE0059E7FF /* SampleTabController.h */,
				39A6A897137EB6FE0059E7FF /* SampleTabController.m */,
				39A6A898137EB6FE0059E7FF /* SampleTable.h */,
				39A6A899137EB6FE0059E7FF /* SampleTable.m */,
				39A6A89A137EB6FE0059E7FF /* SampleUI.h */,
				39A6A89B137EB6FE0059E7FF /* SampleUI.m */,
				39A6A89C137EB6FE0059E7FF /* SampleUI.xib */,
			);
			path = Temp;
			sourceTree = "<group>";
		};
		39A6A89D137EB6FE0059E7FF /* Widget */ = {
			isa = PBXGroup;
			children = (
				39A6A89E137EB6FE0059E7FF /* iBaseControl.h */,
				39A6A89F137EB6FE0059E7FF /* iBaseControl.m */,
				39A6A8A0137EB6FE0059E7FF /* iButton.h */,
				39A6A8A1137EB6FE0059E7FF /* iButton.m */,
				39A6A8A2137EB6FE0059E7FF /* iCustomControl.h */,
				39A6A8A3137EB6FE0059E7FF /* iCustomControl.m */,
				39A6A8A4137EB6FE0059E7FF /* iEmptyWidget.h */,
				39A6A8A5137EB6FE0059E7FF /* iEmptyWidget.m */,
				39A6A8A6137EB6FE0059E7FF /* iHeader.h */,
				39A6A8A7137EB6FE0059E7FF /* iHeader.m */,
				39A6A8A8137EB6FE0059E7FF /* iItem.h */,
				39A6A8A9137EB6FE0059E7FF /* iItem.m */,
				39A6A8AA137EB6FE0059E7FF /* iLabel.h */,
				39A6A8AB137EB6FE0059E7FF /* iLabel.m */,
				39A6A8AC137EB6FE0059E7FF /* iLeftButton.h */,
				39A6A8AD137EB6FE0059E7FF /* iLeftButton.m */,
				39A6A8AE137EB6FE0059E7FF /* iNavigationButton.h */,
				39A6A8AF137EB6FE0059E7FF /* iNavigationButton.m */,
				39A6A8B0137EB6FE0059E7FF /* iNumField.h */,
				39A6A8B1137EB6FE0059E7FF /* iNumField.m */,
				39A6A8B2137EB6FE0059E7FF /* iRightButton.h */,
				39A6A8B3137EB6FE0059E7FF /* iRightButton.m */,
				39A6A8B4137EB6FE0059E7FF /* iSection.h */,
				39A6A8B5137EB6FE0059E7FF /* iSection.m */,
				39A6A8B6137EB6FE0059E7FF /* iSwitch.h */,
				39A6A8B7137EB6FE0059E7FF /* iSwitch.m */,
				39A6A8B8137EB6FE0059E7FF /* iTable.h */,
				39A6A8B9137EB6FE0059E7FF /* iTable.m */,
				39A6A8BA137EB6FE0059E7FF /* iTabSet.h */,
				39A6A8BB137EB6FE0059E7FF /* iTabSet.m */,
				39A6A8BC137EB6FE0059E7FF /* iTextBox.h */,
				39A6A8BD137EB6FE0059E7FF /* iTextBox.m */,
				39A6A8BE137EB6FE0059E7FF /* iTextField.h */,
				39A6A8BF137EB6FE0059E7FF /* iTextField.m */,
				39A6A8C0137EB6FE0059E7FF /* iView.h */,
				39A6A8C1137EB6FE0059E7FF /* iView.m */,
				39A6A8C2137EB6FE0059E7FF /* iWidget.h */,
			);
			path = Widget;
			sourceTree = "<group>";
		};
/* End PBXGroup section */

/* Begin PBXNativeTarget section */
		1D6058900D05DD3D006BFB54 /* iPadFramework */ = {
			isa = PBXNativeTarget;
			buildConfigurationList = 1D6058960D05DD3E006BFB54 /* Build configuration list for PBXNativeTarget "iPadFramework" */;
			buildPhases = (
				1D60588D0D05DD3D006BFB54 /* Resources */,
				1D60588E0D05DD3D006BFB54 /* Sources */,
				1D60588F0D05DD3D006BFB54 /* Frameworks */,
			);
			buildRules = (
			);
			dependencies = (
			);
			name = iPadFramework;
			productName = iPadFramework;
			productReference = 1D6058910D05DD3D006BFB54 /* iPadFramework.app */;
			productType = "com.apple.product-type.application";
		};
/* End PBXNativeTarget section */

/* Begin PBXProject section */
		29B97313FDCFA39411CA2CEA /* Project object */ = {
			isa = PBXProject;
			buildConfigurationList = C01FCF4E08A954540054247B /* Build configuration list for PBXProject "iPadFramework" */;
			compatibilityVersion = "Xcode 3.1";
			developmentRegion = English;
			hasScannedForEncodings = 1;
			knownRegions = (
				English,
				Japanese,
				French,
				German,
			);
			mainGroup = 29B97314FDCFA39411CA2CEA /* CustomTemplate */;
			projectDirPath = "";
			projectRoot = "";
			targets = (
				1D6058900D05DD3D006BFB54 /* iPadFramework */,
			);
		};
/* End PBXProject section */

/* Begin PBXResourcesBuildPhase section */
		1D60588D0D05DD3D006BFB54 /* Resources */ = {
			isa = PBXResourcesBuildPhase;
			buildActionMask = 2147483647;
			files = (
				28AD733F0D9D9553002E5188 /* MainWindow.xib in Resources */,
				39A6A8C7137EB6FE0059E7FF /* SampleUI.xib in Resources */,
			);
			runOnlyForDeploymentPostprocessing = 0;
		};
/* End PBXResourcesBuildPhase section */

/* Begin PBXSourcesBuildPhase section */
		1D60588E0D05DD3D006BFB54 /* Sources */ = {
			isa = PBXSourcesBuildPhase;
			buildActionMask = 2147483647;
			files = (
				1D60589B0D05DD56006BFB54 /* main.m in Sources */,
				1D3623260D0F684500981E51 /* iPadFrameworkAppDelegate.m in Sources */,
				28193055112F811F00ECF9B4 /* iPadFramework.xcdatamodeld in Sources */,
				39A6A880137EB6D30059E7FF /* BaseModule.m in Sources */,
				39A6A881137EB6D30059E7FF /* BindableObject.m in Sources */,
				39A6A882137EB6D30059E7FF /* Callback.m in Sources */,
				39A6A883137EB6D30059E7FF /* Constants.m in Sources */,
				39A6A884137EB6D30059E7FF /* Context.m in Sources */,
				39A6A885137EB6D30059E7FF /* iTableViewController.m in Sources */,
				39A6A886137EB6D30059E7FF /* NSSelector.m in Sources */,
				39A6A887137EB6D30059E7FF /* NSStack.m in Sources */,
				39A6A888137EB6D30059E7FF /* NullObject.m in Sources */,
				39A6A889137EB6D30059E7FF /* Scope.m in Sources */,
				39A6A88A137EB6D30059E7FF /* StylingManager.m in Sources */,
				39A6A88B137EB6D30059E7FF /* UIStyle.m in Sources */,
				39A6A88C137EB6D30059E7FF /* Utilities.m in Sources */,
				39A6A891137EB6EC0059E7FF /* ipadui.m in Sources */,
				39A6A892137EB6EC0059E7FF /* root.m in Sources */,
				39A6A8C3137EB6FE0059E7FF /* MyClass.m in Sources */,
				39A6A8C4137EB6FE0059E7FF /* SampleTabController.m in Sources */,
				39A6A8C5137EB6FE0059E7FF /* SampleTable.m in Sources */,
				39A6A8C6137EB6FE0059E7FF /* SampleUI.m in Sources */,
				39A6A8C8137EB6FE0059E7FF /* iBaseControl.m in Sources */,
				39A6A8C9137EB6FE0059E7FF /* iButton.m in Sources */,
				39A6A8CA137EB6FE0059E7FF /* iCustomControl.m in Sources */,
				39A6A8CB137EB6FE0059E7FF /* iEmptyWidget.m in Sources */,
				39A6A8CC137EB6FE0059E7FF /* iHeader.m in Sources */,
				39A6A8CD137EB6FE0059E7FF /* iItem.m in Sources */,
				39A6A8CE137EB6FE0059E7FF /* iLabel.m in Sources */,
				39A6A8CF137EB6FE0059E7FF /* iLeftButton.m in Sources */,
				39A6A8D0137EB6FE0059E7FF /* iNavigationButton.m in Sources */,
				39A6A8D1137EB6FE0059E7FF /* iNumField.m in Sources */,
				39A6A8D2137EB6FE0059E7FF /* iRightButton.m in Sources */,
				39A6A8D3137EB6FE0059E7FF /* iSection.m in Sources */,
				39A6A8D4137EB6FE0059E7FF /* iSwitch.m in Sources */,
				39A6A8D5137EB6FE0059E7FF /* iTable.m in Sources */,
				39A6A8D6137EB6FE0059E7FF /* iTabSet.m in Sources */,
				39A6A8D7137EB6FE0059E7FF /* iTextBox.m in Sources */,
				39A6A8D8137EB6FE0059E7FF /* iTextField.m in Sources */,
				39A6A8D9137EB6FE0059E7FF /* iView.m in Sources */,
			);
			runOnlyForDeploymentPostprocessing = 0;
		};
/* End PBXSourcesBuildPhase section */

/* Begin XCBuildConfiguration section */
		1D6058940D05DD3E006BFB54 /* Debug */ = {
			isa = XCBuildConfiguration;
			buildSettings = {
				ALWAYS_SEARCH_USER_PATHS = NO;
				COPY_PHASE_STRIP = NO;
				GCC_DYNAMIC_NO_PIC = NO;
				GCC_OPTIMIZATION_LEVEL = 0;
				GCC_PRECOMPILE_PREFIX_HEADER = YES;
				GCC_PREFIX_HEADER = iPadFramework_Prefix.pch;
				INFOPLIST_FILE = "iPadFramework-Info.plist";
				PRODUCT_NAME = iPadFramework;
			};
			name = Debug;
		};
		1D6058950D05DD3E006BFB54 /* Release */ = {
			isa = XCBuildConfiguration;
			buildSettings = {
				ALWAYS_SEARCH_USER_PATHS = NO;
				COPY_PHASE_STRIP = YES;
				GCC_PRECOMPILE_PREFIX_HEADER = YES;
				GCC_PREFIX_HEADER = iPadFramework_Prefix.pch;
				INFOPLIST_FILE = "iPadFramework-Info.plist";
				PRODUCT_NAME = iPadFramework;
				VALIDATE_PRODUCT = YES;
			};
			name = Release;
		};
		C01FCF4F08A954540054247B /* Debug */ = {
			isa = XCBuildConfiguration;
			buildSettings = {
				ARCHS = "$(ARCHS_UNIVERSAL_IPHONE_OS)";
				"CODE_SIGN_IDENTITY[sdk=iphoneos*]" = "iPhone Developer";
				GCC_C_LANGUAGE_STANDARD = c99;
				GCC_WARN_ABOUT_RETURN_TYPE = YES;
				GCC_WARN_UNUSED_VARIABLE = YES;
				PREBINDING = NO;
				SDKROOT = iphoneos3.2;
				TARGETED_DEVICE_FAMILY = 2;
			};
			name = Debug;
		};
		C01FCF5008A954540054247B /* Release */ = {
			isa = XCBuildConfiguration;
			buildSettings = {
				ARCHS = "$(ARCHS_UNIVERSAL_IPHONE_OS)";
				"CODE_SIGN_IDENTITY[sdk=iphoneos*]" = "iPhone Developer";
				GCC_C_LANGUAGE_STANDARD = c99;
				GCC_WARN_ABOUT_RETURN_TYPE = YES;
				GCC_WARN_UNUSED_VARIABLE = YES;
				OTHER_CFLAGS = "-DNS_BLOCK_ASSERTIONS=1";
				PREBINDING = NO;
				SDKROOT = iphoneos3.2;
				TARGETED_DEVICE_FAMILY = 2;
			};
			name = Release;
		};
/* End XCBuildConfiguration section */

/* Begin XCConfigurationList section */
		1D6058960D05DD3E006BFB54 /* Build configuration list for PBXNativeTarget "iPadFramework" */ = {
			isa = XCConfigurationList;
			buildConfigurations = (
				1D6058940D05DD3E006BFB54 /* Debug */,
				1D6058950D05DD3E006BFB54 /* Release */,
			);
			defaultConfigurationIsVisible = 0;
			defaultConfigurationName = Release;
		};
		C01FCF4E08A954540054247B /* Build configuration list for PBXProject "iPadFramework" */ = {
			isa = XCConfigurationList;
			buildConfigurations = (
				C01FCF4F08A954540054247B /* Debug */,
				C01FCF5008A954540054247B /* Release */,
			);
			defaultConfigurationIsVisible = 0;
			defaultConfigurationName = Release;
		};
/* End XCConfigurationList section */

/* Begin XCVersionGroup section */
		28193054112F811F00ECF9B4 /* iPadFramework.xcdatamodeld */ = {
			isa = XCVersionGroup;
			children = (
				28C3AD890F43EF2300507BA6 /* iPadFramework.xcdatamodel */,
			);
			currentVersion = 28C3AD890F43EF2300507BA6 /* iPadFramework.xcdatamodel */;
			path = iPadFramework.xcdatamodeld;
			sourceTree = "<group>";
			versionGroupType = wrapper.xcdatamodel;
		};
/* End XCVersionGroup section */
	};
	rootObject = 29B97313FDCFA39411CA2CEA /* Project object */;
}
